{
  "version": "3",
  "remote": {
    "https://deno.land/std@0.120.0/async/deadline.ts": "1d6ac7aeaee22f75eb86e4e105d6161118aad7b41ae2dd14f4cfd3bf97472b93",
    "https://deno.land/std@0.120.0/async/debounce.ts": "b2f693e4baa16b62793fd618de6c003b63228db50ecfe3bd51fc5f6dc0bc264b",
    "https://deno.land/std@0.120.0/async/deferred.ts": "ab60d46ba561abb3b13c0c8085d05797a384b9f182935f051dc67136817acdee",
    "https://deno.land/std@0.120.0/async/delay.ts": "f2d8ccaa8ebc26594bd8b0989edfd8a96257a714c1dee2fb54d986e5bdd840ac",
    "https://deno.land/std@0.120.0/async/mod.ts": "78425176fabea7bd1046ce3819fd69ce40da85c83e0f174d17e8e224a91f7d10",
    "https://deno.land/std@0.120.0/async/mux_async_iterator.ts": "62abff3af9ff619e8f2adc96fc70d4ca020fa48a50c23c13f12d02ed2b760dbe",
    "https://deno.land/std@0.120.0/async/pool.ts": "353ce4f91865da203a097aa6f33de8966340c91b6f4a055611c8c5d534afd12f",
    "https://deno.land/std@0.120.0/async/tee.ts": "3e9f2ef6b36e55188de16a667c702ace4ad0cf84e3720379160e062bf27348ad",
    "https://deno.land/std@0.120.0/fmt/colors.ts": "8368ddf2d48dfe413ffd04cdbb7ae6a1009cf0dccc9c7ff1d76259d9c61a0621",
    "https://deno.land/std@0.120.0/http/http_status.ts": "2ff185827bff21c7be2807fcb09a6a2166464ba57fcd94afe805abab8e09070a",
    "https://deno.land/std@0.134.0/_util/assert.ts": "e94f2eb37cebd7f199952e242c77654e43333c1ac4c5c700e929ea3aa5489f74",
    "https://deno.land/std@0.134.0/bytes/bytes_list.ts": "67eb118e0b7891d2f389dad4add35856f4ad5faab46318ff99653456c23b025d",
    "https://deno.land/std@0.134.0/bytes/equals.ts": "a60ef9f01fb6e06a4e0343fc44d53d39d12dd66bc3f09ac8e6eb9cc1a6335e48",
    "https://deno.land/std@0.134.0/bytes/mod.ts": "4cef6fe8f0de217b9babbcbb0a566402b667f18a8e6d094a45e5fb3fc1afff70",
    "https://deno.land/std@0.134.0/encoding/_yaml/dumper/dumper.ts": "51998d88c46f2720bf6c2d16416873a0501f69ea8648faf270cba41ad54a5580",
    "https://deno.land/std@0.134.0/encoding/_yaml/dumper/dumper_state.ts": "3c1bc8519c1832f0f136856881b97f0b42f64b7968767dbc36b8b0b6cae963dc",
    "https://deno.land/std@0.134.0/encoding/_yaml/error.ts": "6ca899f6d86c6979bce6d7c3a6a8e2a360b09d8b0f55d2e649bd1233604fb7c9",
    "https://deno.land/std@0.134.0/encoding/_yaml/loader/loader.ts": "d429d545bfed666f2e00572b6694eb70f6c7639926ff4889524e676eeccf9a8b",
    "https://deno.land/std@0.134.0/encoding/_yaml/loader/loader_state.ts": "59124e56d864274ce4043dca8bf63e937c6e960e4ad120465e424b38f3469b2d",
    "https://deno.land/std@0.134.0/encoding/_yaml/mark.ts": "7f67f43755b2602fefe52012eb3ab627880da97edd0f6c00f916ceb2ddb1b5d1",
    "https://deno.land/std@0.134.0/encoding/_yaml/parse.ts": "8f362dc01401099263d73a4bfa00bc90ea456d202507d62a11dfcfeac74484f5",
    "https://deno.land/std@0.134.0/encoding/_yaml/schema.ts": "83717fbf829f1caba84ff02e468c8792c47491fd202b1d95776ed0d8f58ea559",
    "https://deno.land/std@0.134.0/encoding/_yaml/schema/core.ts": "bcb47a389d596369fbfccf73a6b221ac3ca5440149b4f6df1e707f2efc6854ef",
    "https://deno.land/std@0.134.0/encoding/_yaml/schema/default.ts": "8b6bd9cb1cab07a3397e1cc3843edba6ad40d1bd15687c1f56cd977da834d984",
    "https://deno.land/std@0.134.0/encoding/_yaml/schema/extended.ts": "5e0bfd9a28c7a82ba40fc7ff7890df7469ec85390320349974acbc627ae1be88",
    "https://deno.land/std@0.134.0/encoding/_yaml/schema/failsafe.ts": "7254a9ca0dff8f30377098622812e55c4535aaf352fecb4ec51939e596bd74e7",
    "https://deno.land/std@0.134.0/encoding/_yaml/schema/json.ts": "2205d0d3d3377de56f92ac0f4a82bf561ea0d7b86eb195c9f0c32c7c7871d78f",
    "https://deno.land/std@0.134.0/encoding/_yaml/schema/mod.ts": "6769df6082aceee9849f71168f4353ba4f92e4a2a5a429a422debac13a593d4e",
    "https://deno.land/std@0.134.0/encoding/_yaml/state.ts": "374b8dc170417beccb364e543b25eef73576196f4a526836bb3a621b87a204a3",
    "https://deno.land/std@0.134.0/encoding/_yaml/stringify.ts": "ec15035c1928f96f4e42c0a0e9f3082512e294fd6b8ff6a0403a3ee9282f69aa",
    "https://deno.land/std@0.134.0/encoding/_yaml/type.ts": "95ad0cdbab49343b1527ebc7762c477726c34702438375be6781b44e03e9fcfc",
    "https://deno.land/std@0.134.0/encoding/_yaml/type/binary.ts": "8ae1bdeebe090133b1d1e1ef8427d5ea03f8b6f8944bd2eca578c81330700b0a",
    "https://deno.land/std@0.134.0/encoding/_yaml/type/bool.ts": "95c030531adc3d66a59979dc25c2fcdeb1f58ae40a91d6f9e9a537af0fd2b5a4",
    "https://deno.land/std@0.134.0/encoding/_yaml/type/float.ts": "0c39a6a3bb7cd90178c5bcdeb73a7b6865482db5b8b0495883289a8bc2d541fb",
    "https://deno.land/std@0.134.0/encoding/_yaml/type/function.ts": "b5642dda5ef8d47c0325a2b89a022cbce3be45ba21f8c4f9202364d967c6b3e5",
    "https://deno.land/std@0.134.0/encoding/_yaml/type/int.ts": "7197cba96ad8ad3c596ca34a364dacdf91ef396c462c6c2daecbdec056353f3d",
    "https://deno.land/std@0.134.0/encoding/_yaml/type/map.ts": "78bf5447d2e3f79d59bf7cb63a76ca7797854a0d8e2154c6fd35775c4e5c8c61",
    "https://deno.land/std@0.134.0/encoding/_yaml/type/merge.ts": "094b272e6087c6aef39cd9617fa6603ec934e507faad6c276d293e2734f9b083",
    "https://deno.land/std@0.134.0/encoding/_yaml/type/mod.ts": "b2f267dc0b0296cf8f6109aa129e2cf6d1e1f8c59f8903f0330c18749eca2d3c",
    "https://deno.land/std@0.134.0/encoding/_yaml/type/nil.ts": "1988843acab56e99e883cd047c40cc7fb799b6d335f541f022ae3b914abcbe35",
    "https://deno.land/std@0.134.0/encoding/_yaml/type/omap.ts": "fd3f2f9a8ae634996da84d021353ac8bf4b41e714f2711159d756d0e2f3aabd1",
    "https://deno.land/std@0.134.0/encoding/_yaml/type/pairs.ts": "90736f87b6e39a144205a235d8851f7bebf6bb3835fd03742c30253d5ecd7ec5",
    "https://deno.land/std@0.134.0/encoding/_yaml/type/regexp.ts": "a9e70491fa7ede8689b933d81142aa7635a253733a4df626bd479c55cb64222e",
    "https://deno.land/std@0.134.0/encoding/_yaml/type/seq.ts": "135f37a1b6dcb3688bc0dad0c9dc3a04370b1fc94267960586ea23877ffd3088",
    "https://deno.land/std@0.134.0/encoding/_yaml/type/set.ts": "2937ac0e1ce8c121a4009e74568e341e2a380fdb5f41f16050ce2ca7537b2bd8",
    "https://deno.land/std@0.134.0/encoding/_yaml/type/str.ts": "6420d3a0099d9fbc35861241b7dad65b800ff3909efe71ab71c895326187ab8d",
    "https://deno.land/std@0.134.0/encoding/_yaml/type/timestamp.ts": "3db0667dd9bdc3b3f0e8596fff023e87bc9fca230a545bb67d0bf3b732c1c656",
    "https://deno.land/std@0.134.0/encoding/_yaml/type/undefined.ts": "5b595082d064cf50a3345f5fdda8c02beb0768e9d97d4bd4c53ac81a9f94e185",
    "https://deno.land/std@0.134.0/encoding/_yaml/utils.ts": "c7e6bf055b08fffe700c7cbdfa2939cab7b9676ff75b6dc98d72d41b3b173d37",
    "https://deno.land/std@0.134.0/encoding/yaml.ts": "6760095814791325684cd146d10d49eef32bc4328a0516bf88fac9dc2cffa423",
    "https://deno.land/std@0.134.0/io/buffer.ts": "bd0c4bf53db4b4be916ca5963e454bddfd3fcd45039041ea161dbf826817822b",
    "https://deno.land/std@0.145.0/_util/assert.ts": "e94f2eb37cebd7f199952e242c77654e43333c1ac4c5c700e929ea3aa5489f74",
    "https://deno.land/std@0.145.0/_util/os.ts": "3b4c6e27febd119d36a416d7a97bd3b0251b77c88942c8f16ee5953ea13e2e49",
    "https://deno.land/std@0.145.0/async/abortable.ts": "87aa7230be8360c24ad437212311c9e8d4328854baec27b4c7abb26e85515c06",
    "https://deno.land/std@0.145.0/async/deadline.ts": "48ac998d7564969f3e6ec6b6f9bf0217ebd00239b1b2292feba61272d5dd58d0",
    "https://deno.land/std@0.145.0/async/debounce.ts": "564273ef242bcfcda19a439132f940db8694173abffc159ea34f07d18fc42620",
    "https://deno.land/std@0.145.0/async/deferred.ts": "bc18e28108252c9f67dfca2bbc4587c3cbf3aeb6e155f8c864ca8ecff992b98a",
    "https://deno.land/std@0.145.0/async/delay.ts": "cbbdf1c87d1aed8edc7bae13592fb3e27e3106e0748f089c263390d4f49e5f6c",
    "https://deno.land/std@0.145.0/async/mod.ts": "9852cd8ed897ab2d41a8fbee611d574e97898327db5c19d9d58e41126473f02c",
    "https://deno.land/std@0.145.0/async/mux_async_iterator.ts": "5b4aca6781ad0f2e19ccdf1d1a1c092ccd3e00d52050d9c27c772658c8367256",
    "https://deno.land/std@0.145.0/async/pool.ts": "ef9eb97b388543acbf0ac32647121e4dbe629236899586c4d4311a8770fbb239",
    "https://deno.land/std@0.145.0/async/tee.ts": "bcfae0017ebb718cf4eef9e2420e8675d91cb1bcc0ed9b668681af6e6caad846",
    "https://deno.land/std@0.145.0/datetime/formatter.ts": "7c8e6d16a0950f400aef41b9f1eb9168249869776ec520265dfda785d746589e",
    "https://deno.land/std@0.145.0/datetime/mod.ts": "28cdfd81f4e02696e2663807234e857cb08bb13f5573db862c7cd4a6287e2bde",
    "https://deno.land/std@0.145.0/datetime/tokenizer.ts": "7381e28f6ab51cb504c7e132be31773d73ef2f3e1e50a812736962b9df1e8c47",
    "https://deno.land/std@0.145.0/encoding/hex.ts": "7f023e1e51cfd6b189682e602e8640939e7be71a300a2fcf3daf8f84dc609bbc",
    "https://deno.land/std@0.145.0/flags/mod.ts": "387fd528c1c518eec8eb58ae886b15d3dabab27985e55e886c10ae37a540c6ee",
    "https://deno.land/std@0.145.0/fmt/colors.ts": "6f9340b7fb8cc25a993a99e5efc56fe81bb5af284ff412129dd06df06f53c0b4",
    "https://deno.land/std@0.145.0/fs/_util.ts": "2cf50bfb1081c2d5f2efec10ac19abbc2baf478e51cd1b057d0da2f30585b6ba",
    "https://deno.land/std@0.145.0/fs/walk.ts": "6ce8d87fbaeda23383e979599ad27f3f94b3e5ff0c0cd976b5fc5c2aa0df7d92",
    "https://deno.land/std@0.145.0/http/cookie.ts": "526f27762fad7bf84fbe491de7eba7c406057501eec6edcad7884a16b242fddf",
    "https://deno.land/std@0.145.0/http/file_server.ts": "dfcd3fa6fb516d534edd70a0dde5ad7fdb2f0e5b4b2371b3426a7a9b34978c89",
    "https://deno.land/std@0.145.0/http/http_status.ts": "897575a7d6bc2b9123f6a38ecbc0f03d95a532c5d92029315dc9f508e12526b8",
    "https://deno.land/std@0.145.0/http/mod.ts": "a48751917d10579cc1f2ede190a55d9cab57f0d464df11cd8225293bff988dbb",
    "https://deno.land/std@0.145.0/http/server.ts": "0b0a9f3abfcfecead944b31ee9098a0c11a59b0495bf873ee200eb80e7441483",
    "https://deno.land/std@0.145.0/http/util.ts": "6abb4120b732f28954c3df6fed8bee9e2026a93a327f6f116bf049b3958fd85f",
    "https://deno.land/std@0.145.0/media_types/_util.ts": "ce9b4fc4ba1c447dafab619055e20fd88236ca6bdd7834a21f98bd193c3fbfa1",
    "https://deno.land/std@0.145.0/media_types/mod.ts": "2d4b6f32a087029272dc59e0a55ae3cc4d1b27b794ccf528e94b1925795b3118",
    "https://deno.land/std@0.145.0/media_types/vendor/mime-db.v1.52.0.ts": "724cee25fa40f1a52d3937d6b4fbbfdd7791ff55e1b7ac08d9319d5632c7f5af",
    "https://deno.land/std@0.145.0/path/_constants.ts": "df1db3ffa6dd6d1252cc9617e5d72165cd2483df90e93833e13580687b6083c3",
    "https://deno.land/std@0.145.0/path/_interface.ts": "ee3b431a336b80cf445441109d089b70d87d5e248f4f90ff906820889ecf8d09",
    "https://deno.land/std@0.145.0/path/_util.ts": "c1e9686d0164e29f7d880b2158971d805b6e0efc3110d0b3e24e4b8af2190d2b",
    "https://deno.land/std@0.145.0/path/common.ts": "bee563630abd2d97f99d83c96c2fa0cca7cee103e8cb4e7699ec4d5db7bd2633",
    "https://deno.land/std@0.145.0/path/glob.ts": "cb5255638de1048973c3e69e420c77dc04f75755524cb3b2e160fe9277d939ee",
    "https://deno.land/std@0.145.0/path/mod.ts": "4945b430b759b0b3d98f2a278542cbcf95e0ad2bd8eaaed3c67322b306b2b346",
    "https://deno.land/std@0.145.0/path/posix.ts": "c1f7afe274290ea0b51da07ee205653b2964bd74909a82deb07b69a6cc383aaa",
    "https://deno.land/std@0.145.0/path/separator.ts": "fe1816cb765a8068afb3e8f13ad272351c85cbc739af56dacfc7d93d710fe0f9",
    "https://deno.land/std@0.145.0/path/win32.ts": "bd7549042e37879c68ff2f8576a25950abbfca1d696d41d82c7bca0b7e6f452c",
    "https://deno.land/x/blog@0.4.2/blog.tsx": "f12d57919828345f4edc213a0914682abfa8023429011a1b525a3e7d30165e79",
    "https://deno.land/x/blog@0.4.2/components.tsx": "51e826fb4b9ecabe0711f2078381ad5a6e87a4ad58c68b95404f4003a4885033",
    "https://deno.land/x/blog@0.4.2/deps.ts": "addd2786030b0ca7e01b5f7a18b25afc72bd3e95d8a1401d84bf6de68a307739",
    "https://deno.land/x/emoji@0.1.2/all.ts": "f308ed6af940c3df7436a80dc8d016c3dcc16c3890a12724cf7e043a9e489a29",
    "https://deno.land/x/emoji@0.1.2/emoji.ts": "e6aa205846a805bca29466d82d24476c9e8aecbee0e477b845d332786c2b1770",
    "https://deno.land/x/emoji@0.1.2/mod.ts": "e466029cda15415de960c53797b739e3034d9e56774895b34a534e054e6f4076",
    "https://deno.land/x/emoji@0.1.2/unicode.ts": "ac8079e8e1da66ae9e601c1fdd0e7641120c2b07ca7bd2875e65fe23e16e6199",
    "https://deno.land/x/frontmatter@v0.1.4/deps.ts": "e6cafb4a0ae7d4ea7c3e0e4b5244ca69f75dbbad2dc8046529a76d40c232d447",
    "https://deno.land/x/frontmatter@v0.1.4/mod.ts": "5fc285ba3c28c4919099b97d9b82d70f40b9c0581a780039a87b93125c05ee39",
    "https://deno.land/x/g_a@0.1.2/mod.ts": "6016891e4aa825a82e14782cf45be5705aa42f3ed5e8378200a6e0136239f572",
    "https://deno.land/x/gfm@0.1.22/deps.ts": "40d2c2846d5f2a92cc81401099f39f26fc541af000a01ac0dede689646843365",
    "https://deno.land/x/gfm@0.1.22/mod.ts": "cd48d4d317e55f76ed0d45895142f7960af1dd8581abb92de9fec67e12cd1666",
    "https://deno.land/x/gfm@0.1.22/style.js": "8f64515cd70d9446ba6eea180e8203757e1c93920e4fd261d626f57aa0178be3",
    "https://deno.land/x/htm@0.0.10/mod.tsx": "59e6ccfb5c1742e0b4449e6df62115b9c8dbe732a826fa0aa089f46308519e35",
    "https://deno.land/x/htm@0.0.10/plugins.ts": "f0286e102fd5b04058c5887f1570ea465917c0f50431984e958af1782c03c38f",
    "https://deno.land/x/htm@0.1.3/plugins/unocss.ts": "dca4739d3f07a243b14d072cc470537a8711e0b7218b4968e661d62ceeee6416",
    "https://deno.land/x/htm@0.2.1/html.tsx": "afcf0500d9199e8efe6877d9e7bf4f7907d0bba09906b6036cfe5e90458083b3",
    "https://deno.land/x/htm@0.2.1/jsx.ts": "2dfbc2b208981b9348aee02494ba064eac72f686d2e5ecc19d7f3fcdb9734e3d",
    "https://deno.land/x/htm@0.2.1/mod.ts": "d930056a7c8c645bea5f9c116d65bc309d12cfebafa8db98f7c406e1984caaec",
    "https://esm.sh/@unocss/core@0.41.0": "8b8ef2b470768a7eeda767d6c1f1e6c7363acfb535bb1a9d9629b70ac7077906",
    "https://esm.sh/@unocss/core@0.46.3": "9049ec4601a3d23ef867686a6318db0036070087ed0f042aa2fa078484b7e7a5",
    "https://esm.sh/@unocss/preset-wind@0.41.0?bundle&no-check": "e22898c62d236065b02c312da438209b2083f7386dd9be1052780451533491c3",
    "https://esm.sh/@unocss/preset-wind@0.46.3?bundle&no-check": "9bf95bcf4a8ef5528e505238763e37fb9300b3da5042b959c7c7d41f931b6629",
    "https://esm.sh/feed@4.2.2": "1a5822737d59ad06c741504c67eba07c68b582799b6b4609f17824cd5a3dcfe0",
    "https://esm.sh/he@1.2.0": "388a449d0b163506f1a5ed1b9fe178c29433c9a3af5b2465c92ec4adb0f35792",
    "https://esm.sh/marked@4.0.12": "5f4dfd6a6032c62cf73bd706153859cfd798167d2a672e712132f83ccdd8b343",
    "https://esm.sh/preact-render-to-string@5.2.0?deps=preact@10.8.2": "2e04ce5231013c78b55d87155823fc0a2ce637439fb85296c6827fbd8d5a9d33",
    "https://esm.sh/preact@10.7.2": "77b31c6ebeedc2bbe99212b0e188ebe8c7139850364eec730d512f5bbfae6963",
    "https://esm.sh/preact@10.8.2": "8302e2558b3180de984bab2d7be07b20fd75255494f639d95f3a17ddc4acd91a",
    "https://esm.sh/prismjs@1.27.0": "7475ce881ab6ac7c2550162a4a9498d38038d5b2139e4df9c7f796389889b1eb",
    "https://esm.sh/prismjs@1.28.0/components/prism-c?no-check": "43dea62cba17169214168a21b758eb7db605ba08c6d6e72db6821bd8077a186c",
    "https://esm.sh/remove-markdown@0.5.0": "44b9de241db9fbb69f3e526773fd6d170a14b04860e543c3a48cfa7089905aa0",
    "https://esm.sh/sanitize-html@2.7.0": "ffa7bd6cbe3706a8760ffaa2aa5b17b5648d988d1ecf3d471ffee60a5c9f11ba",
    "https://esm.sh/stable/preact@10.7.2/denonext/preact.mjs": "fda4341cff9723adf5b8e6a0e86fa43c3aad99d53240d9434ffff81d4f5398c5",
    "https://esm.sh/stable/preact@10.8.2/denonext/preact.mjs": "1505875858475514bf98e640858b607648ed7d48db2e7d52390f2ad96e642e51",
    "https://esm.sh/v135/@unocss/core@0.41.0/denonext/core.mjs": "6ad1cd077acc0b04fbed30b9717dee1dc4118d2f02358706db2e303cd7bda1ee",
    "https://esm.sh/v135/@unocss/core@0.46.3/denonext/core.mjs": "ed5fc799af48df70c566212dececb0af69e4ac2e490bf3486868c4650317fb9f",
    "https://esm.sh/v135/@unocss/preset-wind@0.41.0/denonext/preset-wind.bundle.mjs": "0f40ef290b86880282ad9d3e58065cf836e9f3a9ed56e61d97a32daae6bfc74b",
    "https://esm.sh/v135/@unocss/preset-wind@0.46.3/denonext/preset-wind.bundle.mjs": "4684306eb5efcc68054141cfce29286c33e255d03b17b47cd42c79a0858b1721",
    "https://esm.sh/v135/deepmerge@4.3.1/denonext/deepmerge.mjs": "08481570f6011601fe4b827bffb00cdea632e55c923c44485d8719e8ab77b7c9",
    "https://esm.sh/v135/dom-serializer@1.4.1/denonext/dom-serializer.mjs": "fd86f1d561e6a51a4f34448d5c4a9f2ab4eaa76047df96ee452a80a957c3d722",
    "https://esm.sh/v135/domelementtype@2.3.0/denonext/domelementtype.mjs": "371936c356d5ac797f2ce3a66b98dfc73e6fff0e095b2858b85668e6ad7d10e0",
    "https://esm.sh/v135/domhandler@4.3.1/denonext/domhandler.mjs": "463323f0b16b4174b4939241d737ad81d6fac54318a92a7bc96097ff1033804f",
    "https://esm.sh/v135/domutils@2.8.0/denonext/domutils.mjs": "5470a0a019c52be8cda5c2d5e948bfc802134c9f81ee02a9958bbdd16cf3d11c",
    "https://esm.sh/v135/entities@2.2.0/denonext/entities.mjs": "af15975e7c8b5f17be658d1db80f9de7c076cb9cd53c4dcfc9dd60d460266d62",
    "https://esm.sh/v135/entities@2.2.0/denonext/lib/decode_codepoint.js": "68b6cbd2b5c122b862e414cd9c3a01af2bff35d3d7b1dd2089f4ffcef5a2f5c2",
    "https://esm.sh/v135/escape-string-regexp@4.0.0/denonext/escape-string-regexp.mjs": "4bebd5b21a97ea88f1b93f2851c077053d3cc323ac2b2eefc835ff3d7dab8ae9",
    "https://esm.sh/v135/feed@4.2.2/denonext/feed.mjs": "d6dc8357b3e9474bb21a6b339b9c1d311ce389c5971be2235945d267563a6dc3",
    "https://esm.sh/v135/he@1.2.0/denonext/he.mjs": "1ffb3a2e1892578e01267fda4b32f30dd0b4b3be7393fe239b0ea30cf1d654c7",
    "https://esm.sh/v135/htmlparser2@6.1.0/denonext/htmlparser2.mjs": "3068af4d89ba653778e3c1248938db62b773357f6905a1b324084f5683cba978",
    "https://esm.sh/v135/is-plain-object@5.0.0/denonext/is-plain-object.mjs": "6d9568ddc8b90de99a46c63e14984810280b6b021dc4e478803b3c240811985f",
    "https://esm.sh/v135/marked@4.0.12/denonext/marked.mjs": "1e14773e19d6847a98dc32817f4d755cb4da3d26c9acf32411179df8d7af71d4",
    "https://esm.sh/v135/nanoid@3.3.7/denonext/non-secure.js": "04f910c9045422af11c2760899978492d745d6b13e5d9f08040c13b658c27ee0",
    "https://esm.sh/v135/parse-srcset@1.0.2/denonext/parse-srcset.mjs": "79b825d12a392cca8b39a53f6189e4f6d8c81612bbed7e3bb7946195d5264737",
    "https://esm.sh/v135/picocolors@1.0.0/denonext/picocolors.mjs": "5d53d745955947dce84f82222cfd00fd021239fcbe9336c6bbfe34ed2f40886c",
    "https://esm.sh/v135/postcss@8.4.31/denonext/lib/at-rule.js": "4cd3a53a67b972be9712e9af2492b2eadd32cbbeda6310a909e34d984bcda048",
    "https://esm.sh/v135/postcss@8.4.31/denonext/lib/comment.js": "6224f5617fbcfb90ee0a14a07951258c2cacb8b918bd9210c9950e617f0daaa8",
    "https://esm.sh/v135/postcss@8.4.31/denonext/lib/container.js": "128ef5a47586593b71b52c4499920b384a1fa73df9bbd14c8ff1946fc440a783",
    "https://esm.sh/v135/postcss@8.4.31/denonext/lib/css-syntax-error.js": "81e3ca71ff833022a56aa7b4de2c5995999f33465a209390e6b28b7611582d41",
    "https://esm.sh/v135/postcss@8.4.31/denonext/lib/declaration.js": "d8ed2e3f54f9970cdc66c139481cd52961708dd7202cfdb409bf5f1c5b4ffb83",
    "https://esm.sh/v135/postcss@8.4.31/denonext/lib/fromJSON.js": "f08d5cd84c4840a726cbc2fc149253864dafe69ff2991fa0c6fa3490c5c8fd70",
    "https://esm.sh/v135/postcss@8.4.31/denonext/lib/input.js": "5776098707b39daca45565699c1d1ecd700c415ca863c7ebef7d402619c7f9c0",
    "https://esm.sh/v135/postcss@8.4.31/denonext/lib/lazy-result.js": "5e2c5cbe211148ecd272f5900fc4189317c74acf3570ff12b307a31716069536",
    "https://esm.sh/v135/postcss@8.4.31/denonext/lib/list.js": "9ee1a8ca4cb42b87372db1fc6549fff29916564f8c07bf52870a84d2b91c6553",
    "https://esm.sh/v135/postcss@8.4.31/denonext/lib/map-generator.js": "1d25d7e1f7c98e583a7525966ff00065aa0f2cfc78e760fccdb1dbf632746004",
    "https://esm.sh/v135/postcss@8.4.31/denonext/lib/no-work-result.js": "a7e85149a2a58cdb8d24928f37da2c1fe7a7812466cf03b1ef3ad34ee66c60e7",
    "https://esm.sh/v135/postcss@8.4.31/denonext/lib/node.js": "fb129d1023b2c428f9fe10626ce345508eaeca84def469b7ff025a14932fc14b",
    "https://esm.sh/v135/postcss@8.4.31/denonext/lib/parse.js": "6f2f0301c1b6171f930973e93eae429a7c7355e9a73b608548e38a0a58669167",
    "https://esm.sh/v135/postcss@8.4.31/denonext/lib/parser.js": "09074eefec15c6849794c51f0bea2af7f37f8c64dd2a210831f0d9047d73129c",
    "https://esm.sh/v135/postcss@8.4.31/denonext/lib/postcss.js": "e3455363a90f50b2fb40ef356772e408a924692d363dca03ac676fd7dd786391",
    "https://esm.sh/v135/postcss@8.4.31/denonext/lib/previous-map.js": "22332c5d21d8a3c56df08f6ed46ea0c2034ec9d2a3ca8e85d28c2b7ec3875e05",
    "https://esm.sh/v135/postcss@8.4.31/denonext/lib/processor.js": "583f9dee08e160a160f14f60c98733ba4c187de9a3192fe2f0a04ffe35b09e95",
    "https://esm.sh/v135/postcss@8.4.31/denonext/lib/result.js": "c40d7a814c0c95f250bcc5eb1f94110c016e7ff7dae1e25ffdc298520ba1a0c5",
    "https://esm.sh/v135/postcss@8.4.31/denonext/lib/root.js": "c211a1310bfcf0a7e202a68d0bf79125ac472a5a4f3b6b1d9fb17805c1323550",
    "https://esm.sh/v135/postcss@8.4.31/denonext/lib/rule.js": "4316a023cfaa889a2ec21e5a6129ce0e3639936f578c44909d3dc537aaf11be4",
    "https://esm.sh/v135/postcss@8.4.31/denonext/lib/stringifier.js": "ee4c8dff2c1e67ea351bc003563f15cbfaaa1a5d079eda31dfb8b7d23fd7ca19",
    "https://esm.sh/v135/postcss@8.4.31/denonext/lib/stringify.js": "c99df0b7406b7a1c63909c855959255d5ecef31967a0eb09ae08cf84737b6d61",
    "https://esm.sh/v135/postcss@8.4.31/denonext/lib/symbols.js": "21d641931343fff9437a1bd720a7df9e60d7f599b2ba269c98a1e741071f495c",
    "https://esm.sh/v135/postcss@8.4.31/denonext/lib/terminal-highlight.js": "5f215fde89517b9e37963ed10c31962a0f3331bc6d7da6ec61d1305d86aee9f2",
    "https://esm.sh/v135/postcss@8.4.31/denonext/lib/tokenize.js": "c73b6614aa8e3afd00130d76bb989d9c3211f225c9e9e6a8c326b0952d05d4b6",
    "https://esm.sh/v135/postcss@8.4.31/denonext/lib/warn-once.js": "3f6117216f9e1c8935cb05ee84459bf10debfaaf5ecbe517c43d3c1c31aa0b2f",
    "https://esm.sh/v135/postcss@8.4.31/denonext/lib/warning.js": "af11340817cce38f4b02f93cadb4c77b0142c69565f07ee86e13ba8948ebeb16",
    "https://esm.sh/v135/postcss@8.4.31/denonext/postcss.mjs": "17cb1bfa8d463c1e35ed187969d937c4a2c880508dcaf00f15db9277ffc4becd",
    "https://esm.sh/v135/preact-render-to-string@5.2.0/X-ZC9wcmVhY3RAMTAuOC4y/denonext/preact-render-to-string.mjs": "eb5807569fb4adf77018b3a20cc68ce4d7c573b9737d3051ee3341b5d1aa305b",
    "https://esm.sh/v135/prismjs@1.27.0/denonext/prismjs.mjs": "ae53f15f65a2aa92e917a5e7ca5292fb4891863287a7094c6d44db3d8de3ee6d",
    "https://esm.sh/v135/prismjs@1.28.0/denonext/components/prism-c.js": "1d3a0590d826a44fc42419a404aa5d895e777c40ddb0ea061df16024d637a6c9",
    "https://esm.sh/v135/remove-markdown@0.5.0/denonext/remove-markdown.mjs": "abcc5cbc5f9dbee0bb06776b5a84f7c3bb65bc9b4454b3991f6964fbecd403c2",
    "https://esm.sh/v135/sanitize-html@2.7.0/denonext/sanitize-html.mjs": "d3ef3b0140960800501807202835342d79ca82f30ca131dd2677f22ff1e2601c",
    "https://esm.sh/v135/sax@1.3.0/denonext/sax.mjs": "9bc4584a87fa83f1ce8bd60ddda5864b3bc7895ef6f751a818d2aa0f7a426505",
    "https://esm.sh/v135/source-map-js@1.0.2/denonext/source-map-js.mjs": "81ed2d1f28bd08a762f6819d5b366285a1bacf4b5c3757d866c79e4950529bfd",
    "https://esm.sh/v135/xml-js@1.6.11/denonext/xml-js.mjs": "9d1e9b85bc3e74ef2327bf96800e0d752bcd0f55b323a2a6a5ca969624390e8c",
    "https://raw.githubusercontent.com/kt3k/callsites/v1.0.0/mod.ts": "a5fdfa7916d03459fd4830ca526d493d5f4ce0ea91619905d524c9a3a5c3cd15"
  }
}
